{
  "name": "webpack-loader-api-exec",
  "version": "0.1.0",
  "lockfileVersion": 1,
  "requires": true,
  "dependencies": {
    "vm2": {
      "version": "3.5.2",
      "resolved": "https://registry.npmjs.org/vm2/-/vm2-3.5.2.tgz",
      "integrity": "sha512-imsgTODim0/3fSDA0g4SeYBF9oAuJnYXpILnA6GJ7rglNPLOv1s+CfgE7pqzOHFEKrJsogIxupE5fW2DI65rIg=="
    }
  }
}
